
Microsoft Visual Studio Solution File, Format Version 12.00
# Visual Studio Version 17
VisualStudioVersion = 17.14.36310.24
MinimumVisualStudioVersion = 10.0.40219.1
Project("{FAE04EC0-301F-11D3-BF4B-00C04F79EFBC}") = "MyCeima", "MyCeima.csproj", "{0687A134-94DA-4A23-B7CF-936CC4F25F65}"
EndProject
Global
	GlobalSection(SolutionConfigurationPlatforms) = preSolution
		Debug|Any CPU = Debug|Any CPU
		Release|Any CPU = Release|Any CPU
	EndGlobalSection
	GlobalSection(ProjectConfigurationPlatforms) = postSolution
		{0687A134-94DA-4A23-B7CF-936CC4F25F65}.Debug|Any CPU.ActiveCfg = Debug|Any CPU
		{0687A134-94DA-4A23-B7CF-936CC4F25F65}.Debug|Any CPU.Build.0 = Debug|Any CPU
		{0687A134-94DA-4A23-B7CF-936CC4F25F65}.Release|Any CPU.ActiveCfg = Release|Any CPU
		{0687A134-94DA-4A23-B7CF-936CC4F25F65}.Release|Any CPU.Build.0 = Release|Any CPU
	EndGlobalSection
	GlobalSection(SolutionProperties) = preSolution
		HideSolutionNode = FALSE
	EndGlobalSection
	GlobalSection(ExtensibilityGlobals) = postSolution
		SolutionGuid = {D5DDAF83-9D50-43A9-B3E6-1559CFF32CBD}
	EndGlobalSection
EndGlobal
